Microsoft Visual Studio Solution File, Format Version 12.00
# Visual Studio Version 17
VisualStudioVersion = 17.5.2.0
MinimumVisualStudioVersion = 10.0.40219.1
Project("{FAE04EC0-301F-11D3-BF4B-00C04F79EFBC}") = "DOOProgram", "DOOProgram.csproj", "{9F56BC42-33F0-C3D2-8955-C3017C39112A}"
EndProject
Global
	GlobalSection(SolutionConfigurationPlatforms) = preSolution
		Debug|Any CPU = Debug|Any CPU
		Release|Any CPU = Release|Any CPU
	EndGlobalSection
	GlobalSection(ProjectConfigurationPlatforms) = postSolution
		{9F56BC42-33F0-C3D2-8955-C3017C39112A}.Debug|Any CPU.ActiveCfg = Debug|Any CPU
		{9F56BC42-33F0-C3D2-8955-C3017C39112A}.Debug|Any CPU.Build.0 = Debug|Any CPU
		{9F56BC42-33F0-C3D2-8955-C3017C39112A}.Release|Any CPU.ActiveCfg = Release|Any CPU
		{9F56BC42-33F0-C3D2-8955-C3017C39112A}.Release|Any CPU.Build.0 = Release|Any CPU
	EndGlobalSection
	GlobalSection(SolutionProperties) = preSolution
		HideSolutionNode = FALSE
	EndGlobalSection
	GlobalSection(ExtensibilityGlobals) = postSolution
		SolutionGuid = {4942A761-3765-4EA8-8CC1-457F11484950}
	EndGlobalSection
EndGlobal
